
Microsoft Visual Studio Solution File, Format Version 12.00
# Visual Studio Version 16
VisualStudioVersion = 16.0.30907.101
MinimumVisualStudioVersion = 10.0.40219.1
Project("{FAE04EC0-301F-11D3-BF4B-00C04F79EFBC}") = "MyDictionary", "Week4-HomeWork.2\MyDictionary.csproj", "{2B49229C-6CB0-4A78-AF8E-5C3F86AB2074}"
EndProject
Global
	GlobalSection(SolutionConfigurationPlatforms) = preSolution
		Debug|Any CPU = Debug|Any CPU
		Release|Any CPU = Release|Any CPU
	EndGlobalSection
	GlobalSection(ProjectConfigurationPlatforms) = postSolution
		{2B49229C-6CB0-4A78-AF8E-5C3F86AB2074}.Debug|Any CPU.ActiveCfg = Debug|Any CPU
		{2B49229C-6CB0-4A78-AF8E-5C3F86AB2074}.Debug|Any CPU.Build.0 = Debug|Any CPU
		{2B49229C-6CB0-4A78-AF8E-5C3F86AB2074}.Release|Any CPU.ActiveCfg = Release|Any CPU
		{2B49229C-6CB0-4A78-AF8E-5C3F86AB2074}.Release|Any CPU.Build.0 = Release|Any CPU
	EndGlobalSection
	GlobalSection(SolutionProperties) = preSolution
		HideSolutionNode = FALSE
	EndGlobalSection
	GlobalSection(ExtensibilityGlobals) = postSolution
		SolutionGuid = {8C37A05A-FF25-491F-980A-1412312E58BB}
	EndGlobalSection
EndGlobal
